
Microsoft Visual Studio Solution File, Format Version 11.00
# Visual Studio 2010
Project("{FAE04EC0-301F-11D3-BF4B-00C04F79EFBC}") = "Assembly-CSharp", "Assembly-CSharp.csproj", "{e32df918-ff74-0b7f-4a0c-2f96f8fe7583}"
EndProject
Project("{FAE04EC0-301F-11D3-BF4B-00C04F79EFBC}") = "Assembly-CSharp-Editor", "Assembly-CSharp-Editor.csproj", "{cc44b56d-7039-8a3f-ff6b-b8e346597d3b}"
EndProject
Global
	GlobalSection(SolutionConfigurationPlatforms) = preSolution
		Debug|Any CPU = Debug|Any CPU
	EndGlobalSection
	GlobalSection(ProjectConfigurationPlatforms) = postSolution
		{e32df918-ff74-0b7f-4a0c-2f96f8fe7583}.Debug|Any CPU.ActiveCfg = Debug|Any CPU
		{e32df918-ff74-0b7f-4a0c-2f96f8fe7583}.Debug|Any CPU.Build.0 = Debug|Any CPU
		{cc44b56d-7039-8a3f-ff6b-b8e346597d3b}.Debug|Any CPU.ActiveCfg = Debug|Any CPU
		{cc44b56d-7039-8a3f-ff6b-b8e346597d3b}.Debug|Any CPU.Build.0 = Debug|Any CPU
	EndGlobalSection
	GlobalSection(SolutionProperties) = preSolution
		HideSolutionNode = FALSE
	EndGlobalSection
EndGlobal
